
Microsoft Visual Studio Solution File, Format Version 12.00
# Visual Studio Version 16
VisualStudioVersion = 16.0.29613.14
MinimumVisualStudioVersion = 10.0.40219.1
Project("{FAE04EC0-301F-11D3-BF4B-00C04F79EFBC}") = "Core", "Core\Core.csproj", "{CF78DA1B-4869-4EF4-8470-B95C29811EC9}"
EndProject
Project("{FAE04EC0-301F-11D3-BF4B-00C04F79EFBC}") = "Entities", "Entities\Entities.csproj", "{56BE6951-0033-4EAF-8405-3EBCDFC783DA}"
EndProject
Project("{FAE04EC0-301F-11D3-BF4B-00C04F79EFBC}") = "Business", "Business\Business.csproj", "{DBB801F8-8926-4DE4-8370-577C51430E9B}"
EndProject
Project("{FAE04EC0-301F-11D3-BF4B-00C04F79EFBC}") = "DataAccess", "DataAccess\DataAccess.csproj", "{189427BC-6424-413C-ADFC-A27ED2051312}"
EndProject
Project("{FAE04EC0-301F-11D3-BF4B-00C04F79EFBC}") = "WebAPI", "WebAPI\WebAPI.csproj", "{34DB4AAF-D968-4FC3-B0D3-8499AA8C7BD2}"
EndProject
Global
	GlobalSection(SolutionConfigurationPlatforms) = preSolution
		Debug|Any CPU = Debug|Any CPU
		Release|Any CPU = Release|Any CPU
	EndGlobalSection
	GlobalSection(ProjectConfigurationPlatforms) = postSolution
		{CF78DA1B-4869-4EF4-8470-B95C29811EC9}.Debug|Any CPU.ActiveCfg = Debug|Any CPU
		{CF78DA1B-4869-4EF4-8470-B95C29811EC9}.Debug|Any CPU.Build.0 = Debug|Any CPU
		{CF78DA1B-4869-4EF4-8470-B95C29811EC9}.Release|Any CPU.ActiveCfg = Release|Any CPU
		{CF78DA1B-4869-4EF4-8470-B95C29811EC9}.Release|Any CPU.Build.0 = Release|Any CPU
		{56BE6951-0033-4EAF-8405-3EBCDFC783DA}.Debug|Any CPU.ActiveCfg = Debug|Any CPU
		{56BE6951-0033-4EAF-8405-3EBCDFC783DA}.Debug|Any CPU.Build.0 = Debug|Any CPU
		{56BE6951-0033-4EAF-8405-3EBCDFC783DA}.Release|Any CPU.ActiveCfg = Release|Any CPU
		{56BE6951-0033-4EAF-8405-3EBCDFC783DA}.Release|Any CPU.Build.0 = Release|Any CPU
		{DBB801F8-8926-4DE4-8370-577C51430E9B}.Debug|Any CPU.ActiveCfg = Debug|Any CPU
		{DBB801F8-8926-4DE4-8370-577C51430E9B}.Debug|Any CPU.Build.0 = Debug|Any CPU
		{DBB801F8-8926-4DE4-8370-577C51430E9B}.Release|Any CPU.ActiveCfg = Release|Any CPU
		{DBB801F8-8926-4DE4-8370-577C51430E9B}.Release|Any CPU.Build.0 = Release|Any CPU
		{189427BC-6424-413C-ADFC-A27ED2051312}.Debug|Any CPU.ActiveCfg = Debug|Any CPU
		{189427BC-6424-413C-ADFC-A27ED2051312}.Debug|Any CPU.Build.0 = Debug|Any CPU
		{189427BC-6424-413C-ADFC-A27ED2051312}.Release|Any CPU.ActiveCfg = Release|Any CPU
		{189427BC-6424-413C-ADFC-A27ED2051312}.Release|Any CPU.Build.0 = Release|Any CPU
		{34DB4AAF-D968-4FC3-B0D3-8499AA8C7BD2}.Debug|Any CPU.ActiveCfg = Debug|Any CPU
		{34DB4AAF-D968-4FC3-B0D3-8499AA8C7BD2}.Debug|Any CPU.Build.0 = Debug|Any CPU
		{34DB4AAF-D968-4FC3-B0D3-8499AA8C7BD2}.Release|Any CPU.ActiveCfg = Release|Any CPU
		{34DB4AAF-D968-4FC3-B0D3-8499AA8C7BD2}.Release|Any CPU.Build.0 = Release|Any CPU
	EndGlobalSection
	GlobalSection(SolutionProperties) = preSolution
		HideSolutionNode = FALSE
	EndGlobalSection
	GlobalSection(ExtensibilityGlobals) = postSolution
		SolutionGuid = {23F2D324-BECA-4C62-9802-9F01A0BADE2B}
	EndGlobalSection
EndGlobal
